
Microsoft Visual Studio Solution File, Format Version 12.00
# Visual Studio Version 17
VisualStudioVersion = 17.5.002.0
MinimumVisualStudioVersion = 10.0.40219.1
Project("{2150E333-8FDC-42A3-9474-1A3956D46DE8}") = "C# APi", "C# APi", "{37A961D9-9828-44BE-B96C-0FA2DE7FA14D}"
EndProject
Project("{9A19103F-16F7-4668-BE54-9A1E7A4F7556}") = "MySqlApp", "C# APi\MySqlApp\MySqlApp.csproj", "{DA446F93-8A61-4340-BE6E-B378FD03CCE2}"
EndProject
Global
	GlobalSection(SolutionConfigurationPlatforms) = preSolution
		Debug|Any CPU = Debug|Any CPU
		Release|Any CPU = Release|Any CPU
	EndGlobalSection
	GlobalSection(ProjectConfigurationPlatforms) = postSolution
		{DA446F93-8A61-4340-BE6E-B378FD03CCE2}.Debug|Any CPU.ActiveCfg = Debug|Any CPU
		{DA446F93-8A61-4340-BE6E-B378FD03CCE2}.Debug|Any CPU.Build.0 = Debug|Any CPU
		{DA446F93-8A61-4340-BE6E-B378FD03CCE2}.Release|Any CPU.ActiveCfg = Release|Any CPU
		{DA446F93-8A61-4340-BE6E-B378FD03CCE2}.Release|Any CPU.Build.0 = Release|Any CPU
	EndGlobalSection
	GlobalSection(SolutionProperties) = preSolution
		HideSolutionNode = FALSE
	EndGlobalSection
	GlobalSection(NestedProjects) = preSolution
		{DA446F93-8A61-4340-BE6E-B378FD03CCE2} = {37A961D9-9828-44BE-B96C-0FA2DE7FA14D}
	EndGlobalSection
	GlobalSection(ExtensibilityGlobals) = postSolution
		SolutionGuid = {AE3A1DCD-75BE-4E6C-A752-9C260512ACD5}
	EndGlobalSection
EndGlobal
